
Microsoft Visual Studio Solution File, Format Version 12.00
# Visual Studio Version 16
VisualStudioVersion = 16.0.29411.108
MinimumVisualStudioVersion = 10.0.40219.1
Project("{9A19103F-16F7-4668-BE54-9A1E7A4F7556}") = "CardGame.WebAPI", "CardGame.WebAPI\CardGame.WebAPI.csproj", "{1DB49EBA-B420-413B-95D2-927F57D770D6}"
EndProject
Project("{9A19103F-16F7-4668-BE54-9A1E7A4F7556}") = "CardGame.Lib", "CardGame.Lib\CardGame.Lib.csproj", "{4FC955EB-9417-40A8-A249-C65AE88EB13B}"
EndProject
Project("{FAE04EC0-301F-11D3-BF4B-00C04F79EFBC}") = "CardGame.MVC", "CardGame.MVC\CardGame.MVC.csproj", "{65ED78A4-141C-4A46-B970-EF3BA10CCF97}"
EndProject
Global
	GlobalSection(SolutionConfigurationPlatforms) = preSolution
		Debug|Any CPU = Debug|Any CPU
		Release|Any CPU = Release|Any CPU
	EndGlobalSection
	GlobalSection(ProjectConfigurationPlatforms) = postSolution
		{1DB49EBA-B420-413B-95D2-927F57D770D6}.Debug|Any CPU.ActiveCfg = Debug|Any CPU
		{1DB49EBA-B420-413B-95D2-927F57D770D6}.Debug|Any CPU.Build.0 = Debug|Any CPU
		{1DB49EBA-B420-413B-95D2-927F57D770D6}.Release|Any CPU.ActiveCfg = Release|Any CPU
		{1DB49EBA-B420-413B-95D2-927F57D770D6}.Release|Any CPU.Build.0 = Release|Any CPU
		{4FC955EB-9417-40A8-A249-C65AE88EB13B}.Debug|Any CPU.ActiveCfg = Debug|Any CPU
		{4FC955EB-9417-40A8-A249-C65AE88EB13B}.Debug|Any CPU.Build.0 = Debug|Any CPU
		{4FC955EB-9417-40A8-A249-C65AE88EB13B}.Release|Any CPU.ActiveCfg = Release|Any CPU
		{4FC955EB-9417-40A8-A249-C65AE88EB13B}.Release|Any CPU.Build.0 = Release|Any CPU
		{65ED78A4-141C-4A46-B970-EF3BA10CCF97}.Debug|Any CPU.ActiveCfg = Debug|Any CPU
		{65ED78A4-141C-4A46-B970-EF3BA10CCF97}.Debug|Any CPU.Build.0 = Debug|Any CPU
		{65ED78A4-141C-4A46-B970-EF3BA10CCF97}.Release|Any CPU.ActiveCfg = Release|Any CPU
		{65ED78A4-141C-4A46-B970-EF3BA10CCF97}.Release|Any CPU.Build.0 = Release|Any CPU
	EndGlobalSection
	GlobalSection(SolutionProperties) = preSolution
		HideSolutionNode = FALSE
	EndGlobalSection
	GlobalSection(ExtensibilityGlobals) = postSolution
		SolutionGuid = {98CFDDF3-F7CF-4139-99E6-7ED10B16F4B7}
	EndGlobalSection
EndGlobal
